{
    "requires": true,
    "lockfileVersion": 1,
    "dependencies": {
        "v-validate": {
            "version": "0.1.4",
            "resolved": "https://registry.npmjs.org/v-validate/-/v-validate-0.1.4.tgz",
            "integrity": "sha1-vsWBHEJiX0ZyzQqMDAHAAC8/t9A="
        },
        "vee-validate": {
            "version": "2.1.0-beta.9",
            "resolved": "https://registry.npmjs.org/vee-validate/-/vee-validate-2.1.0-beta.9.tgz",
            "integrity": "sha512-c5oKINWG1X++aeEoHjLihYFM0ycobfDJMl6/iJhwVtAzRZdr5jH1h5hbajAI3gF+Y7052g49F6EFu7ZY19P1zQ=="
        }
    }
}
